
Microsoft Visual Studio Solution File, Format Version 12.00
# Visual Studio Version 16
VisualStudioVersion = 16.0.29230.47
MinimumVisualStudioVersion = 10.0.40219.1
Project("{FAE04EC0-301F-11D3-BF4B-00C04F79EFBC}") = "BaraVissaGitHub", "BaraVissaGitHub\BaraVissaGitHub.csproj", "{D6837D0D-972B-4BC7-ACFD-830A625C626F}"
EndProject
Global
	GlobalSection(SolutionConfigurationPlatforms) = preSolution
		Debug|Any CPU = Debug|Any CPU
		Release|Any CPU = Release|Any CPU
	EndGlobalSection
	GlobalSection(ProjectConfigurationPlatforms) = postSolution
		{D6837D0D-972B-4BC7-ACFD-830A625C626F}.Debug|Any CPU.ActiveCfg = Debug|Any CPU
		{D6837D0D-972B-4BC7-ACFD-830A625C626F}.Debug|Any CPU.Build.0 = Debug|Any CPU
		{D6837D0D-972B-4BC7-ACFD-830A625C626F}.Release|Any CPU.ActiveCfg = Release|Any CPU
		{D6837D0D-972B-4BC7-ACFD-830A625C626F}.Release|Any CPU.Build.0 = Release|Any CPU
	EndGlobalSection
	GlobalSection(SolutionProperties) = preSolution
		HideSolutionNode = FALSE
	EndGlobalSection
	GlobalSection(ExtensibilityGlobals) = postSolution
		SolutionGuid = {61D7939A-227D-49F8-8188-CF6B0F43577C}
	EndGlobalSection
EndGlobal
